<Solution>
  <Project Path="GestorDeEventos.Application/GestorDeEventos.Application.csproj" Id="90edda93-ee4e-4c17-996d-0c6bf73d33f1" />
  <Project Path="GestorDeEventos.Domain/GestorDeEventos.Domain.csproj" Id="a47ae2bd-1305-4cbb-a610-d72e84d1c0a1" />
  <Project Path="GestorDeEventos.Infrastructure/GestorDeEventos.Infrastructure.csproj" Id="9cd1381c-55ea-4e2a-8c21-4501d31cfa12" />
  <Project Path="GestorDeEventos.Web/GestorDeEventos.Web.csproj" Id="b995e809-4498-43ba-ba38-f25fa5f44074" />
  <Project Path="GestorDeEventosSolucion/GestorDeEventos.API.csproj" />
</Solution>
